
Microsoft Visual Studio Solution File, Format Version 12.00
# Visual Studio Version 17
VisualStudioVersion = 17.9.34622.214
MinimumVisualStudioVersion = 10.0.40219.1
Project("{FAE04EC0-301F-11D3-BF4B-00C04F79EFBC}") = "Camera Simulator", "Camera Simulator\Camera Simulator.csproj", "{FDD238E7-015F-4040-BA98-E90FCE6B4CDA}"
EndProject
Global
	GlobalSection(SolutionConfigurationPlatforms) = preSolution
		Debug|Any CPU = Debug|Any CPU
		Release|Any CPU = Release|Any CPU
	EndGlobalSection
	GlobalSection(ProjectConfigurationPlatforms) = postSolution
		{FDD238E7-015F-4040-BA98-E90FCE6B4CDA}.Debug|Any CPU.ActiveCfg = Debug|Any CPU
		{FDD238E7-015F-4040-BA98-E90FCE6B4CDA}.Debug|Any CPU.Build.0 = Debug|Any CPU
		{FDD238E7-015F-4040-BA98-E90FCE6B4CDA}.Release|Any CPU.ActiveCfg = Release|Any CPU
		{FDD238E7-015F-4040-BA98-E90FCE6B4CDA}.Release|Any CPU.Build.0 = Release|Any CPU
	EndGlobalSection
	GlobalSection(SolutionProperties) = preSolution
		HideSolutionNode = FALSE
	EndGlobalSection
	GlobalSection(ExtensibilityGlobals) = postSolution
		SolutionGuid = {CC10E181-7156-4BE8-B511-A9CC312C748F}
	EndGlobalSection
EndGlobal
